# This file is automatically @generated by Poetry 1.8.5 and should not be changed by hand.

[[package]]
name = "emoji"
version = "2.14.1"
description = "Emoji for Python"
optional = false
python-versions = ">=3.7"
files = [
    {file = "emoji-2.14.1-py3-none-any.whl", hash = "sha256:35a8a486c1460addb1499e3bf7929d3889b2e2841a57401903699fef595e942b"},
    {file = "emoji-2.14.1.tar.gz", hash = "sha256:f8c50043d79a2c1410ebfae833ae1868d5941a67a6cd4d18377e2eb0bd79346b"},
]

[package.extras]
dev = ["coverage", "pytest (>=7.4.4)"]

[metadata]
lock-version = "2.0"
python-versions = "^3.13"
content-hash = "75cd52cbab162816f593c3286ee562c76f06b1d54908014e9e0189969ac4ae81"
